
Microsoft Visual Studio Solution File, Format Version 12.00
# Visual Studio 15
VisualStudioVersion = 15.0.27703.2018
MinimumVisualStudioVersion = 10.0.40219.1
Project("{FAE04EC0-301F-11D3-BF4B-00C04F79EFBC}") = "Presentation App", "Presentation App\Presentation App.csproj", "{4E08D34D-3A04-4BBC-AF8D-64F13BD60109}"
EndProject
Global
	GlobalSection(SolutionConfigurationPlatforms) = preSolution
		Debug|Any CPU = Debug|Any CPU
		Release|Any CPU = Release|Any CPU
	EndGlobalSection
	GlobalSection(ProjectConfigurationPlatforms) = postSolution
		{4E08D34D-3A04-4BBC-AF8D-64F13BD60109}.Debug|Any CPU.ActiveCfg = Debug|Any CPU
		{4E08D34D-3A04-4BBC-AF8D-64F13BD60109}.Debug|Any CPU.Build.0 = Debug|Any CPU
		{4E08D34D-3A04-4BBC-AF8D-64F13BD60109}.Release|Any CPU.ActiveCfg = Release|Any CPU
		{4E08D34D-3A04-4BBC-AF8D-64F13BD60109}.Release|Any CPU.Build.0 = Release|Any CPU
	EndGlobalSection
	GlobalSection(SolutionProperties) = preSolution
		HideSolutionNode = FALSE
	EndGlobalSection
	GlobalSection(ExtensibilityGlobals) = postSolution
		SolutionGuid = {2421B14A-E8AC-4D48-A238-4FC8D983164C}
	EndGlobalSection
EndGlobal
